
Microsoft Visual Studio Solution File, Format Version 12.00
# Visual Studio Version 17
VisualStudioVersion = 17.5.002.0
MinimumVisualStudioVersion = 10.0.40219.1
Project("{2150E333-8FDC-42A3-9474-1A3956D46DE8}") = "csharp-prep", "csharp-prep", "{A070DF29-A73D-4DAB-BD72-C305240CC837}"
EndProject
Project("{9A19103F-16F7-4668-BE54-9A1E7A4F7556}") = "Prep1", "csharp-prep\Prep1\Prep1.csproj", "{0FFAAA4E-AE0E-484D-9E12-F4C468EF7FE8}"
EndProject
Project("{9A19103F-16F7-4668-BE54-9A1E7A4F7556}") = "Prep2", "csharp-prep\Prep2\Prep2.csproj", "{673327FA-04C2-4F83-A3CD-A5302D9FC183}"
EndProject
Project("{9A19103F-16F7-4668-BE54-9A1E7A4F7556}") = "Prep3", "csharp-prep\Prep3\Prep3.csproj", "{21B65905-B8FE-47B0-A7E2-695B381F9B17}"
EndProject
Project("{9A19103F-16F7-4668-BE54-9A1E7A4F7556}") = "Prep4", "csharp-prep\Prep4\Prep4.csproj", "{6FC85332-2F44-47F6-874B-1F3F844A56F0}"
EndProject
Project("{9A19103F-16F7-4668-BE54-9A1E7A4F7556}") = "Prep5", "csharp-prep\Prep5\Prep5.csproj", "{2F97CC01-316A-4015-A04C-5816784986C0}"
EndProject
Project("{2150E333-8FDC-42A3-9474-1A3956D46DE8}") = "final", "final", "{26D7DCD3-AB8A-4EA0-928A-AA24D3ABB8D2}"
EndProject
Project("{9A19103F-16F7-4668-BE54-9A1E7A4F7556}") = "FinalProject", "final\FinalProject\FinalProject.csproj", "{A458A0F1-A05B-494F-A32F-994DA6D2C577}"
EndProject
Project("{9A19103F-16F7-4668-BE54-9A1E7A4F7556}") = "Foundation1", "final\Foundation1\Foundation1.csproj", "{8CF3237D-E7EA-4BDF-85B9-9E58B5E11B46}"
EndProject
Project("{9A19103F-16F7-4668-BE54-9A1E7A4F7556}") = "Foundation2", "final\Foundation2\Foundation2.csproj", "{F4F32896-975A-4BD6-AAFC-B4D5A8BE33ED}"
EndProject
Project("{9A19103F-16F7-4668-BE54-9A1E7A4F7556}") = "Foundation3", "final\Foundation3\Foundation3.csproj", "{A094FA14-98EF-49EA-9604-25785C4FC5B6}"
EndProject
Project("{9A19103F-16F7-4668-BE54-9A1E7A4F7556}") = "Foundation4", "final\Foundation4\Foundation4.csproj", "{3F4B40CF-BA57-4DBE-A371-4CB579280AD9}"
EndProject
Project("{2150E333-8FDC-42A3-9474-1A3956D46DE8}") = "prepare", "prepare", "{60AC97BC-22AE-4E3B-9229-428C88EA1638}"
EndProject
Project("{9A19103F-16F7-4668-BE54-9A1E7A4F7556}") = "Learning02", "prepare\Learning02\Learning02.csproj", "{DF99F53F-BFDD-48B7-A845-124D6327BB2F}"
EndProject
Project("{9A19103F-16F7-4668-BE54-9A1E7A4F7556}") = "Learning03", "prepare\Learning03\Learning03.csproj", "{EB41296F-D701-4254-AC97-4434AC770480}"
EndProject
Project("{9A19103F-16F7-4668-BE54-9A1E7A4F7556}") = "Learning04", "prepare\Learning04\Learning04.csproj", "{588DBD37-4F99-4537-9773-08A5F760F4E1}"
EndProject
Project("{9A19103F-16F7-4668-BE54-9A1E7A4F7556}") = "Learning05", "prepare\Learning05\Learning05.csproj", "{878A02F9-63EB-45A0-A8F0-F6B83DD57987}"
EndProject
Project("{2150E333-8FDC-42A3-9474-1A3956D46DE8}") = "prove", "prove", "{875651E4-5790-4A28-8D33-E76DB2C2AC1A}"
EndProject
Project("{9A19103F-16F7-4668-BE54-9A1E7A4F7556}") = "Develop02", "prove\Develop02\Develop02.csproj", "{127C3BD5-E783-4437-8EB0-4C0F73ECDF3E}"
EndProject
Project("{9A19103F-16F7-4668-BE54-9A1E7A4F7556}") = "Develop03", "prove\Develop03\Develop03.csproj", "{E32B5D24-004F-40ED-9FC0-78F226C68E9F}"
EndProject
Project("{9A19103F-16F7-4668-BE54-9A1E7A4F7556}") = "Develop04", "prove\Develop04\Develop04.csproj", "{866FF2F5-6DEB-4AE0-AD94-4FFA26B96FA2}"
EndProject
Project("{9A19103F-16F7-4668-BE54-9A1E7A4F7556}") = "Develop05", "prove\Develop05\Develop05.csproj", "{28EC7415-1AF3-4F49-A4BC-BADA489C13F8}"
EndProject
Project("{2150E333-8FDC-42A3-9474-1A3956D46DE8}") = "sandbox", "sandbox", "{DF5E3973-C7AD-4E29-A204-191E2C0827FA}"
EndProject
Project("{9A19103F-16F7-4668-BE54-9A1E7A4F7556}") = "Sandbox", "sandbox\Sandbox\Sandbox.csproj", "{C89CA2C3-E4D6-4894-97B9-B3BDAF4B0E4F}"
EndProject
Global
	GlobalSection(SolutionConfigurationPlatforms) = preSolution
		Debug|Any CPU = Debug|Any CPU
		Release|Any CPU = Release|Any CPU
	EndGlobalSection
	GlobalSection(ProjectConfigurationPlatforms) = postSolution
		{0FFAAA4E-AE0E-484D-9E12-F4C468EF7FE8}.Debug|Any CPU.ActiveCfg = Debug|Any CPU
		{0FFAAA4E-AE0E-484D-9E12-F4C468EF7FE8}.Debug|Any CPU.Build.0 = Debug|Any CPU
		{0FFAAA4E-AE0E-484D-9E12-F4C468EF7FE8}.Release|Any CPU.ActiveCfg = Release|Any CPU
		{0FFAAA4E-AE0E-484D-9E12-F4C468EF7FE8}.Release|Any CPU.Build.0 = Release|Any CPU
		{673327FA-04C2-4F83-A3CD-A5302D9FC183}.Debug|Any CPU.ActiveCfg = Debug|Any CPU
		{673327FA-04C2-4F83-A3CD-A5302D9FC183}.Debug|Any CPU.Build.0 = Debug|Any CPU
		{673327FA-04C2-4F83-A3CD-A5302D9FC183}.Release|Any CPU.ActiveCfg = Release|Any CPU
		{673327FA-04C2-4F83-A3CD-A5302D9FC183}.Release|Any CPU.Build.0 = Release|Any CPU
		{21B65905-B8FE-47B0-A7E2-695B381F9B17}.Debug|Any CPU.ActiveCfg = Debug|Any CPU
		{21B65905-B8FE-47B0-A7E2-695B381F9B17}.Debug|Any CPU.Build.0 = Debug|Any CPU
		{21B65905-B8FE-47B0-A7E2-695B381F9B17}.Release|Any CPU.ActiveCfg = Release|Any CPU
		{21B65905-B8FE-47B0-A7E2-695B381F9B17}.Release|Any CPU.Build.0 = Release|Any CPU
		{6FC85332-2F44-47F6-874B-1F3F844A56F0}.Debug|Any CPU.ActiveCfg = Debug|Any CPU
		{6FC85332-2F44-47F6-874B-1F3F844A56F0}.Debug|Any CPU.Build.0 = Debug|Any CPU
		{6FC85332-2F44-47F6-874B-1F3F844A56F0}.Release|Any CPU.ActiveCfg = Release|Any CPU
		{6FC85332-2F44-47F6-874B-1F3F844A56F0}.Release|Any CPU.Build.0 = Release|Any CPU
		{2F97CC01-316A-4015-A04C-5816784986C0}.Debug|Any CPU.ActiveCfg = Debug|Any CPU
		{2F97CC01-316A-4015-A04C-5816784986C0}.Debug|Any CPU.Build.0 = Debug|Any CPU
		{2F97CC01-316A-4015-A04C-5816784986C0}.Release|Any CPU.ActiveCfg = Release|Any CPU
		{2F97CC01-316A-4015-A04C-5816784986C0}.Release|Any CPU.Build.0 = Release|Any CPU
		{A458A0F1-A05B-494F-A32F-994DA6D2C577}.Debug|Any CPU.ActiveCfg = Debug|Any CPU
		{A458A0F1-A05B-494F-A32F-994DA6D2C577}.Debug|Any CPU.Build.0 = Debug|Any CPU
		{A458A0F1-A05B-494F-A32F-994DA6D2C577}.Release|Any CPU.ActiveCfg = Release|Any CPU
		{A458A0F1-A05B-494F-A32F-994DA6D2C577}.Release|Any CPU.Build.0 = Release|Any CPU
		{8CF3237D-E7EA-4BDF-85B9-9E58B5E11B46}.Debug|Any CPU.ActiveCfg = Debug|Any CPU
		{8CF3237D-E7EA-4BDF-85B9-9E58B5E11B46}.Debug|Any CPU.Build.0 = Debug|Any CPU
		{8CF3237D-E7EA-4BDF-85B9-9E58B5E11B46}.Release|Any CPU.ActiveCfg = Release|Any CPU
		{8CF3237D-E7EA-4BDF-85B9-9E58B5E11B46}.Release|Any CPU.Build.0 = Release|Any CPU
		{F4F32896-975A-4BD6-AAFC-B4D5A8BE33ED}.Debug|Any CPU.ActiveCfg = Debug|Any CPU
		{F4F32896-975A-4BD6-AAFC-B4D5A8BE33ED}.Debug|Any CPU.Build.0 = Debug|Any CPU
		{F4F32896-975A-4BD6-AAFC-B4D5A8BE33ED}.Release|Any CPU.ActiveCfg = Release|Any CPU
		{F4F32896-975A-4BD6-AAFC-B4D5A8BE33ED}.Release|Any CPU.Build.0 = Release|Any CPU
		{A094FA14-98EF-49EA-9604-25785C4FC5B6}.Debug|Any CPU.ActiveCfg = Debug|Any CPU
		{A094FA14-98EF-49EA-9604-25785C4FC5B6}.Debug|Any CPU.Build.0 = Debug|Any CPU
		{A094FA14-98EF-49EA-9604-25785C4FC5B6}.Release|Any CPU.ActiveCfg = Release|Any CPU
		{A094FA14-98EF-49EA-9604-25785C4FC5B6}.Release|Any CPU.Build.0 = Release|Any CPU
		{3F4B40CF-BA57-4DBE-A371-4CB579280AD9}.Debug|Any CPU.ActiveCfg = Debug|Any CPU
		{3F4B40CF-BA57-4DBE-A371-4CB579280AD9}.Debug|Any CPU.Build.0 = Debug|Any CPU
		{3F4B40CF-BA57-4DBE-A371-4CB579280AD9}.Release|Any CPU.ActiveCfg = Release|Any CPU
		{3F4B40CF-BA57-4DBE-A371-4CB579280AD9}.Release|Any CPU.Build.0 = Release|Any CPU
		{DF99F53F-BFDD-48B7-A845-124D6327BB2F}.Debug|Any CPU.ActiveCfg = Debug|Any CPU
		{DF99F53F-BFDD-48B7-A845-124D6327BB2F}.Debug|Any CPU.Build.0 = Debug|Any CPU
		{DF99F53F-BFDD-48B7-A845-124D6327BB2F}.Release|Any CPU.ActiveCfg = Release|Any CPU
		{DF99F53F-BFDD-48B7-A845-124D6327BB2F}.Release|Any CPU.Build.0 = Release|Any CPU
		{EB41296F-D701-4254-AC97-4434AC770480}.Debug|Any CPU.ActiveCfg = Debug|Any CPU
		{EB41296F-D701-4254-AC97-4434AC770480}.Debug|Any CPU.Build.0 = Debug|Any CPU
		{EB41296F-D701-4254-AC97-4434AC770480}.Release|Any CPU.ActiveCfg = Release|Any CPU
		{EB41296F-D701-4254-AC97-4434AC770480}.Release|Any CPU.Build.0 = Release|Any CPU
		{588DBD37-4F99-4537-9773-08A5F760F4E1}.Debug|Any CPU.ActiveCfg = Debug|Any CPU
		{588DBD37-4F99-4537-9773-08A5F760F4E1}.Debug|Any CPU.Build.0 = Debug|Any CPU
		{588DBD37-4F99-4537-9773-08A5F760F4E1}.Release|Any CPU.ActiveCfg = Release|Any CPU
		{588DBD37-4F99-4537-9773-08A5F760F4E1}.Release|Any CPU.Build.0 = Release|Any CPU
		{878A02F9-63EB-45A0-A8F0-F6B83DD57987}.Debug|Any CPU.ActiveCfg = Debug|Any CPU
		{878A02F9-63EB-45A0-A8F0-F6B83DD57987}.Debug|Any CPU.Build.0 = Debug|Any CPU
		{878A02F9-63EB-45A0-A8F0-F6B83DD57987}.Release|Any CPU.ActiveCfg = Release|Any CPU
		{878A02F9-63EB-45A0-A8F0-F6B83DD57987}.Release|Any CPU.Build.0 = Release|Any CPU
		{127C3BD5-E783-4437-8EB0-4C0F73ECDF3E}.Debug|Any CPU.ActiveCfg = Debug|Any CPU
		{127C3BD5-E783-4437-8EB0-4C0F73ECDF3E}.Debug|Any CPU.Build.0 = Debug|Any CPU
		{127C3BD5-E783-4437-8EB0-4C0F73ECDF3E}.Release|Any CPU.ActiveCfg = Release|Any CPU
		{127C3BD5-E783-4437-8EB0-4C0F73ECDF3E}.Release|Any CPU.Build.0 = Release|Any CPU
		{E32B5D24-004F-40ED-9FC0-78F226C68E9F}.Debug|Any CPU.ActiveCfg = Debug|Any CPU
		{E32B5D24-004F-40ED-9FC0-78F226C68E9F}.Debug|Any CPU.Build.0 = Debug|Any CPU
		{E32B5D24-004F-40ED-9FC0-78F226C68E9F}.Release|Any CPU.ActiveCfg = Release|Any CPU
		{E32B5D24-004F-40ED-9FC0-78F226C68E9F}.Release|Any CPU.Build.0 = Release|Any CPU
		{866FF2F5-6DEB-4AE0-AD94-4FFA26B96FA2}.Debug|Any CPU.ActiveCfg = Debug|Any CPU
		{866FF2F5-6DEB-4AE0-AD94-4FFA26B96FA2}.Debug|Any CPU.Build.0 = Debug|Any CPU
		{866FF2F5-6DEB-4AE0-AD94-4FFA26B96FA2}.Release|Any CPU.ActiveCfg = Release|Any CPU
		{866FF2F5-6DEB-4AE0-AD94-4FFA26B96FA2}.Release|Any CPU.Build.0 = Release|Any CPU
		{28EC7415-1AF3-4F49-A4BC-BADA489C13F8}.Debug|Any CPU.ActiveCfg = Debug|Any CPU
		{28EC7415-1AF3-4F49-A4BC-BADA489C13F8}.Debug|Any CPU.Build.0 = Debug|Any CPU
		{28EC7415-1AF3-4F49-A4BC-BADA489C13F8}.Release|Any CPU.ActiveCfg = Release|Any CPU
		{28EC7415-1AF3-4F49-A4BC-BADA489C13F8}.Release|Any CPU.Build.0 = Release|Any CPU
		{C89CA2C3-E4D6-4894-97B9-B3BDAF4B0E4F}.Debug|Any CPU.ActiveCfg = Debug|Any CPU
		{C89CA2C3-E4D6-4894-97B9-B3BDAF4B0E4F}.Debug|Any CPU.Build.0 = Debug|Any CPU
		{C89CA2C3-E4D6-4894-97B9-B3BDAF4B0E4F}.Release|Any CPU.ActiveCfg = Release|Any CPU
		{C89CA2C3-E4D6-4894-97B9-B3BDAF4B0E4F}.Release|Any CPU.Build.0 = Release|Any CPU
	EndGlobalSection
	GlobalSection(SolutionProperties) = preSolution
		HideSolutionNode = FALSE
	EndGlobalSection
	GlobalSection(NestedProjects) = preSolution
		{0FFAAA4E-AE0E-484D-9E12-F4C468EF7FE8} = {A070DF29-A73D-4DAB-BD72-C305240CC837}
		{673327FA-04C2-4F83-A3CD-A5302D9FC183} = {A070DF29-A73D-4DAB-BD72-C305240CC837}
		{21B65905-B8FE-47B0-A7E2-695B381F9B17} = {A070DF29-A73D-4DAB-BD72-C305240CC837}
		{6FC85332-2F44-47F6-874B-1F3F844A56F0} = {A070DF29-A73D-4DAB-BD72-C305240CC837}
		{2F97CC01-316A-4015-A04C-5816784986C0} = {A070DF29-A73D-4DAB-BD72-C305240CC837}
		{A458A0F1-A05B-494F-A32F-994DA6D2C577} = {26D7DCD3-AB8A-4EA0-928A-AA24D3ABB8D2}
		{8CF3237D-E7EA-4BDF-85B9-9E58B5E11B46} = {26D7DCD3-AB8A-4EA0-928A-AA24D3ABB8D2}
		{F4F32896-975A-4BD6-AAFC-B4D5A8BE33ED} = {26D7DCD3-AB8A-4EA0-928A-AA24D3ABB8D2}
		{A094FA14-98EF-49EA-9604-25785C4FC5B6} = {26D7DCD3-AB8A-4EA0-928A-AA24D3ABB8D2}
		{3F4B40CF-BA57-4DBE-A371-4CB579280AD9} = {26D7DCD3-AB8A-4EA0-928A-AA24D3ABB8D2}
		{DF99F53F-BFDD-48B7-A845-124D6327BB2F} = {60AC97BC-22AE-4E3B-9229-428C88EA1638}
		{EB41296F-D701-4254-AC97-4434AC770480} = {60AC97BC-22AE-4E3B-9229-428C88EA1638}
		{588DBD37-4F99-4537-9773-08A5F760F4E1} = {60AC97BC-22AE-4E3B-9229-428C88EA1638}
		{878A02F9-63EB-45A0-A8F0-F6B83DD57987} = {60AC97BC-22AE-4E3B-9229-428C88EA1638}
		{127C3BD5-E783-4437-8EB0-4C0F73ECDF3E} = {875651E4-5790-4A28-8D33-E76DB2C2AC1A}
		{E32B5D24-004F-40ED-9FC0-78F226C68E9F} = {875651E4-5790-4A28-8D33-E76DB2C2AC1A}
		{866FF2F5-6DEB-4AE0-AD94-4FFA26B96FA2} = {875651E4-5790-4A28-8D33-E76DB2C2AC1A}
		{28EC7415-1AF3-4F49-A4BC-BADA489C13F8} = {875651E4-5790-4A28-8D33-E76DB2C2AC1A}
		{C89CA2C3-E4D6-4894-97B9-B3BDAF4B0E4F} = {DF5E3973-C7AD-4E29-A204-191E2C0827FA}
	EndGlobalSection
	GlobalSection(ExtensibilityGlobals) = postSolution
		SolutionGuid = {F4892E79-3573-471A-9908-455ECCA044CA}
	EndGlobalSection
EndGlobal
